
Microsoft Visual Studio Solution File, Format Version 12.00
# Blend for Visual Studio Version 17
VisualStudioVersion = 17.1.32414.318
MinimumVisualStudioVersion = 10.0.40219.1
Project("{F184B08F-C81C-45F6-A57F-5ABD9991F28F}") = "Lanceur", "Lanceur\Lanceur.vbproj", "{B5C3AAC6-B0FA-4DB9-8DC5-B9C02EC2E9BE}"
	ProjectSection(ProjectDependencies) = postProject
		{9E185EED-3E31-441E-B365-0BE9E63C9F06} = {9E185EED-3E31-441E-B365-0BE9E63C9F06}
	EndProjectSection
EndProject
Project("{F184B08F-C81C-45F6-A57F-5ABD9991F28F}") = "LiveTrailScoreBug", "vMixDataTemplate\LiveTrailScoreBug.vbproj", "{9E185EED-3E31-441E-B365-0BE9E63C9F06}"
EndProject
Project("{F184B08F-C81C-45F6-A57F-5ABD9991F28F}") = "LiveTrailScorePleinEcran", "LiveTrailScorePleinEcran\LiveTrailScorePleinEcran.vbproj", "{82532A3A-5220-455F-B2F6-0FBCCAAFEE08}"
EndProject
Global
	GlobalSection(SolutionConfigurationPlatforms) = preSolution
		Debug|Any CPU = Debug|Any CPU
		Release|Any CPU = Release|Any CPU
	EndGlobalSection
	GlobalSection(ProjectConfigurationPlatforms) = postSolution
		{B5C3AAC6-B0FA-4DB9-8DC5-B9C02EC2E9BE}.Debug|Any CPU.ActiveCfg = Debug|Any CPU
		{B5C3AAC6-B0FA-4DB9-8DC5-B9C02EC2E9BE}.Debug|Any CPU.Build.0 = Debug|Any CPU
		{B5C3AAC6-B0FA-4DB9-8DC5-B9C02EC2E9BE}.Release|Any CPU.ActiveCfg = Release|Any CPU
		{B5C3AAC6-B0FA-4DB9-8DC5-B9C02EC2E9BE}.Release|Any CPU.Build.0 = Release|Any CPU
		{9E185EED-3E31-441E-B365-0BE9E63C9F06}.Debug|Any CPU.ActiveCfg = Debug|Any CPU
		{9E185EED-3E31-441E-B365-0BE9E63C9F06}.Debug|Any CPU.Build.0 = Debug|Any CPU
		{9E185EED-3E31-441E-B365-0BE9E63C9F06}.Release|Any CPU.ActiveCfg = Release|Any CPU
		{9E185EED-3E31-441E-B365-0BE9E63C9F06}.Release|Any CPU.Build.0 = Release|Any CPU
		{82532A3A-5220-455F-B2F6-0FBCCAAFEE08}.Debug|Any CPU.ActiveCfg = Debug|Any CPU
		{82532A3A-5220-455F-B2F6-0FBCCAAFEE08}.Debug|Any CPU.Build.0 = Debug|Any CPU
		{82532A3A-5220-455F-B2F6-0FBCCAAFEE08}.Release|Any CPU.ActiveCfg = Release|Any CPU
		{82532A3A-5220-455F-B2F6-0FBCCAAFEE08}.Release|Any CPU.Build.0 = Release|Any CPU
	EndGlobalSection
	GlobalSection(SolutionProperties) = preSolution
		HideSolutionNode = FALSE
	EndGlobalSection
	GlobalSection(ExtensibilityGlobals) = postSolution
		SolutionGuid = {E89AD9EA-C2F4-48A1-B136-090175B1A98C}
	EndGlobalSection
EndGlobal
